
Microsoft Visual Studio Solution File, Format Version 12.00
# Visual Studio Version 17
VisualStudioVersion = 17.8.34330.188
MinimumVisualStudioVersion = 10.0.40219.1
Project("{FAE04EC0-301F-11D3-BF4B-00C04F79EFBC}") = "FunctionQuotient", "FunctionQuotient\FunctionQuotient.csproj", "{EA8759B0-93F8-438B-AC64-930D5F254DA8}"
EndProject
Global
	GlobalSection(SolutionConfigurationPlatforms) = preSolution
		Debug|Any CPU = Debug|Any CPU
		Release|Any CPU = Release|Any CPU
	EndGlobalSection
	GlobalSection(ProjectConfigurationPlatforms) = postSolution
		{EA8759B0-93F8-438B-AC64-930D5F254DA8}.Debug|Any CPU.ActiveCfg = Debug|Any CPU
		{EA8759B0-93F8-438B-AC64-930D5F254DA8}.Debug|Any CPU.Build.0 = Debug|Any CPU
		{EA8759B0-93F8-438B-AC64-930D5F254DA8}.Release|Any CPU.ActiveCfg = Release|Any CPU
		{EA8759B0-93F8-438B-AC64-930D5F254DA8}.Release|Any CPU.Build.0 = Release|Any CPU
	EndGlobalSection
	GlobalSection(SolutionProperties) = preSolution
		HideSolutionNode = FALSE
	EndGlobalSection
	GlobalSection(ExtensibilityGlobals) = postSolution
		SolutionGuid = {D2F1D1DA-66DE-42D7-9FAA-2D99FE6834B8}
	EndGlobalSection
EndGlobal
